// !$*UTF8*$!
{
	archiveVersion = 1;
	classes = {
	};
	objectVersion = 50;
	objects = {

/* Begin PBXBuildFile section */
		F2DA383E20D0FE690020B1A1 /* AppDelegate.m in Sources */ = {isa = PBXBuildFile; fileRef = F2DA383D20D0FE690020B1A1 /* AppDelegate.m */; };
		F2DA384120D0FE690020B1A1 /* ViewController.m in Sources */ = {isa = PBXBuildFile; fileRef = F2DA384020D0FE690020B1A1 /* ViewController.m */; };
		F2DA384420D0FE690020B1A1 /* Main.storyboard in Resources */ = {isa = PBXBuildFile; fileRef = F2DA384220D0FE690020B1A1 /* Main.storyboard */; };
		F2DA384620D0FE6B0020B1A1 /* Assets.xcassets in Resources */ = {isa = PBXBuildFile; fileRef = F2DA384520D0FE6B0020B1A1 /* Assets.xcassets */; };
		F2DA384920D0FE6B0020B1A1 /* LaunchScreen.storyboard in Resources */ = {isa = PBXBuildFile; fileRef = F2DA384720D0FE6B0020B1A1 /* LaunchScreen.storyboard */; };
		F2DA384C20D0FE6B0020B1A1 /* main.m in Sources */ = {isa = PBXBuildFile; fileRef = F2DA384B20D0FE6B0020B1A1 /* main.m */; };
		F2DA385420D0FE820020B1A1 /* XYRunloopLoad.m in Sources */ = {isa = PBXBuildFile; fileRef = F2DA385320D0FE810020B1A1 /* XYRunloopLoad.m */; };
		F2DA385820D0FF620020B1A1 /* ImageTableViewCell.m in Sources */ = {isa = PBXBuildFile; fileRef = F2DA385620D0FF620020B1A1 /* ImageTableViewCell.m */; };
		F2DA385920D0FF620020B1A1 /* ImageTableViewCell.xib in Resources */ = {isa = PBXBuildFile; fileRef = F2DA385720D0FF620020B1A1 /* ImageTableViewCell.xib */; };
		F2DA386420D101490020B1A1 /* 7.jpg in Resources */ = {isa = PBXBuildFile; fileRef = F2DA385A20D101460020B1A1 /* 7.jpg */; };
		F2DA386520D101490020B1A1 /* 5.jpg in Resources */ = {isa = PBXBuildFile; fileRef = F2DA385B20D101460020B1A1 /* 5.jpg */; };
		F2DA386720D101490020B1A1 /* 10.jpg in Resources */ = {isa = PBXBuildFile; fileRef = F2DA385D20D101470020B1A1 /* 10.jpg */; };
		F2DA386820D101490020B1A1 /* 3.jpg in Resources */ = {isa = PBXBuildFile; fileRef = F2DA385E20D101470020B1A1 /* 3.jpg */; };
		F2DA386920D101490020B1A1 /* 8.jpg in Resources */ = {isa = PBXBuildFile; fileRef = F2DA385F20D101470020B1A1 /* 8.jpg */; };
		F2DA386A20D101490020B1A1 /* 9.jpg in Resources */ = {isa = PBXBuildFile; fileRef = F2DA386020D101470020B1A1 /* 9.jpg */; };
		F2DA386B20D101490020B1A1 /* 4.jpg in Resources */ = {isa = PBXBuildFile; fileRef = F2DA386120D101480020B1A1 /* 4.jpg */; };
		F2DA386C20D101490020B1A1 /* 6.jpg in Resources */ = {isa = PBXBuildFile; fileRef = F2DA386220D101480020B1A1 /* 6.jpg */; };
		F2DA386D20D101490020B1A1 /* 2.jpg in Resources */ = {isa = PBXBuildFile; fileRef = F2DA386320D101480020B1A1 /* 2.jpg */; };
		F2DA386F20D105740020B1A1 /* 1.jpg in Resources */ = {isa = PBXBuildFile; fileRef = F2DA386E20D105730020B1A1 /* 1.jpg */; };
/* End PBXBuildFile section */

/* Begin PBXFileReference section */
		F2DA383920D0FE690020B1A1 /* LoadBigImageDemo.app */ = {isa = PBXFileReference; explicitFileType = wrapper.application; includeInIndex = 0; path = LoadBigImageDemo.app; sourceTree = BUILT_PRODUCTS_DIR; };
		F2DA383C20D0FE690020B1A1 /* AppDelegate.h */ = {isa = PBXFileReference; lastKnownFileType = sourcecode.c.h; path = AppDelegate.h; sourceTree = "<group>"; };
		F2DA383D20D0FE690020B1A1 /* AppDelegate.m */ = {isa = PBXFileReference; lastKnownFileType = sourcecode.c.objc; path = AppDelegate.m; sourceTree = "<group>"; };
		F2DA383F20D0FE690020B1A1 /* ViewController.h */ = {isa = PBXFileReference; lastKnownFileType = sourcecode.c.h; path = ViewController.h; sourceTree = "<group>"; };
		F2DA384020D0FE690020B1A1 /* ViewController.m */ = {isa = PBXFileReference; lastKnownFileType = sourcecode.c.objc; path = ViewController.m; sourceTree = "<group>"; };
		F2DA384320D0FE690020B1A1 /* Base */ = {isa = PBXFileReference; lastKnownFileType = file.storyboard; name = Base; path = Base.lproj/Main.storyboard; sourceTree = "<group>"; };
		F2DA384520D0FE6B0020B1A1 /* Assets.xcassets */ = {isa = PBXFileReference; lastKnownFileType = folder.assetcatalog; path = Assets.xcassets; sourceTree = "<group>"; };
		F2DA384820D0FE6B0020B1A1 /* Base */ = {isa = PBXFileReference; lastKnownFileType = file.storyboard; name = Base; path = Base.lproj/LaunchScreen.storyboard; sourceTree = "<group>"; };
		F2DA384A20D0FE6B0020B1A1 /* Info.plist */ = {isa = PBXFileReference; lastKnownFileType = text.plist.xml; path = Info.plist; sourceTree = "<group>"; };
		F2DA384B20D0FE6B0020B1A1 /* main.m */ = {isa = PBXFileReference; lastKnownFileType = sourcecode.c.objc; path = main.m; sourceTree = "<group>"; };
		F2DA385220D0FE810020B1A1 /* XYRunloopLoad.h */ = {isa = PBXFileReference; fileEncoding = 4; lastKnownFileType = sourcecode.c.h; path = XYRunloopLoad.h; sourceTree = "<group>"; };
		F2DA385320D0FE810020B1A1 /* XYRunloopLoad.m */ = {isa = PBXFileReference; fileEncoding = 4; lastKnownFileType = sourcecode.c.objc; path = XYRunloopLoad.m; sourceTree = "<group>"; };
		F2DA385520D0FF620020B1A1 /* ImageTableViewCell.h */ = {isa = PBXFileReference; lastKnownFileType = sourcecode.c.h; path = ImageTableViewCell.h; sourceTree = "<group>"; };
		F2DA385620D0FF620020B1A1 /* ImageTableViewCell.m */ = {isa = PBXFileReference; lastKnownFileType = sourcecode.c.objc; path = ImageTableViewCell.m; sourceTree = "<group>"; };
		F2DA385720D0FF620020B1A1 /* ImageTableViewCell.xib */ = {isa = PBXFileReference; lastKnownFileType = file.xib; path = ImageTableViewCell.xib; sourceTree = "<group>"; };
		F2DA385A20D101460020B1A1 /* 7.jpg */ = {isa = PBXFileReference; lastKnownFileType = image.jpeg; path = 7.jpg; sourceTree = "<group>"; };
		F2DA385B20D101460020B1A1 /* 5.jpg */ = {isa = PBXFileReference; lastKnownFileType = image.jpeg; path = 5.jpg; sourceTree = "<group>"; };
		F2DA385D20D101470020B1A1 /* 10.jpg */ = {isa = PBXFileReference; lastKnownFileType = image.jpeg; path = 10.jpg; sourceTree = "<group>"; };
		F2DA385E20D101470020B1A1 /* 3.jpg */ = {isa = PBXFileReference; lastKnownFileType = image.jpeg; path = 3.jpg; sourceTree = "<group>"; };
		F2DA385F20D101470020B1A1 /* 8.jpg */ = {isa = PBXFileReference; lastKnownFileType = image.jpeg; path = 8.jpg; sourceTree = "<group>"; };
		F2DA386020D101470020B1A1 /* 9.jpg */ = {isa = PBXFileReference; lastKnownFileType = image.jpeg; path = 9.jpg; sourceTree = "<group>"; };
		F2DA386120D101480020B1A1 /* 4.jpg */ = {isa = PBXFileReference; lastKnownFileType = image.jpeg; path = 4.jpg; sourceTree = "<group>"; };
		F2DA386220D101480020B1A1 /* 6.jpg */ = {isa = PBXFileReference; lastKnownFileType = image.jpeg; path = 6.jpg; sourceTree = "<group>"; };
		F2DA386320D101480020B1A1 /* 2.jpg */ = {isa = PBXFileReference; lastKnownFileType = image.jpeg; path = 2.jpg; sourceTree = "<group>"; };
		F2DA386E20D105730020B1A1 /* 1.jpg */ = {isa = PBXFileReference; lastKnownFileType = image.jpeg; path = 1.jpg; sourceTree = "<group>"; };
/* End PBXFileReference section */

/* Begin PBXFrameworksBuildPhase section */
		F2DA383620D0FE690020B1A1 /* Frameworks */ = {
			isa = PBXFrameworksBuildPhase;
			buildActionMask = 2147483647;
			files = (
			);
			runOnlyForDeploymentPostprocessing = 0;
		};
/* End PBXFrameworksBuildPhase section */

/* Begin PBXGroup section */
		F2DA383020D0FE690020B1A1 = {
			isa = PBXGroup;
			children = (
				F2DA383B20D0FE690020B1A1 /* LoadBigImageDemo */,
				F2DA383A20D0FE690020B1A1 /* Products */,
			);
			sourceTree = "<group>";
		};
		F2DA383A20D0FE690020B1A1 /* Products */ = {
			isa = PBXGroup;
			children = (
				F2DA383920D0FE690020B1A1 /* LoadBigImageDemo.app */,
			);
			name = Products;
			sourceTree = "<group>";
		};
		F2DA383B20D0FE690020B1A1 /* LoadBigImageDemo */ = {
			isa = PBXGroup;
			children = (
				F2DA387020D10CA00020B1A1 /* XYRunloopLoad */,
				F2DA383C20D0FE690020B1A1 /* AppDelegate.h */,
				F2DA383D20D0FE690020B1A1 /* AppDelegate.m */,
				F2DA383F20D0FE690020B1A1 /* ViewController.h */,
				F2DA384020D0FE690020B1A1 /* ViewController.m */,
				F2DA385520D0FF620020B1A1 /* ImageTableViewCell.h */,
				F2DA385620D0FF620020B1A1 /* ImageTableViewCell.m */,
				F2DA385720D0FF620020B1A1 /* ImageTableViewCell.xib */,
				F2DA384220D0FE690020B1A1 /* Main.storyboard */,
				F2DA384520D0FE6B0020B1A1 /* Assets.xcassets */,
				F2DA384720D0FE6B0020B1A1 /* LaunchScreen.storyboard */,
				F2DA384A20D0FE6B0020B1A1 /* Info.plist */,
				F2DA384B20D0FE6B0020B1A1 /* main.m */,
				F2DA385D20D101470020B1A1 /* 10.jpg */,
				F2DA386E20D105730020B1A1 /* 1.jpg */,
				F2DA386320D101480020B1A1 /* 2.jpg */,
				F2DA385E20D101470020B1A1 /* 3.jpg */,
				F2DA386120D101480020B1A1 /* 4.jpg */,
				F2DA385B20D101460020B1A1 /* 5.jpg */,
				F2DA386220D101480020B1A1 /* 6.jpg */,
				F2DA385A20D101460020B1A1 /* 7.jpg */,
				F2DA385F20D101470020B1A1 /* 8.jpg */,
				F2DA386020D101470020B1A1 /* 9.jpg */,
			);
			path = LoadBigImageDemo;
			sourceTree = "<group>";
		};
		F2DA387020D10CA00020B1A1 /* XYRunloopLoad */ = {
			isa = PBXGroup;
			children = (
				F2DA385220D0FE810020B1A1 /* XYRunloopLoad.h */,
				F2DA385320D0FE810020B1A1 /* XYRunloopLoad.m */,
			);
			path = XYRunloopLoad;
			sourceTree = "<group>";
		};
/* End PBXGroup section */

/* Begin PBXNativeTarget section */
		F2DA383820D0FE690020B1A1 /* LoadBigImageDemo */ = {
			isa = PBXNativeTarget;
			buildConfigurationList = F2DA384F20D0FE6B0020B1A1 /* Build configuration list for PBXNativeTarget "LoadBigImageDemo" */;
			buildPhases = (
				F2DA383520D0FE690020B1A1 /* Sources */,
				F2DA383620D0FE690020B1A1 /* Frameworks */,
				F2DA383720D0FE690020B1A1 /* Resources */,
			);
			buildRules = (
			);
			dependencies = (
			);
			name = LoadBigImageDemo;
			productName = LoadBigImageDemo;
			productReference = F2DA383920D0FE690020B1A1 /* LoadBigImageDemo.app */;
			productType = "com.apple.product-type.application";
		};
/* End PBXNativeTarget section */

/* Begin PBXProject section */
		F2DA383120D0FE690020B1A1 /* Project object */ = {
			isa = PBXProject;
			attributes = {
				LastUpgradeCheck = 0940;
				ORGANIZATIONNAME = xieqilin;
				TargetAttributes = {
					F2DA383820D0FE690020B1A1 = {
						CreatedOnToolsVersion = 9.4;
					};
				};
			};
			buildConfigurationList = F2DA383420D0FE690020B1A1 /* Build configuration list for PBXProject "LoadBigImageDemo" */;
			compatibilityVersion = "Xcode 9.3";
			developmentRegion = en;
			hasScannedForEncodings = 0;
			knownRegions = (
				en,
				Base,
			);
			mainGroup = F2DA383020D0FE690020B1A1;
			productRefGroup = F2DA383A20D0FE690020B1A1 /* Products */;
			projectDirPath = "";
			projectRoot = "";
			targets = (
				F2DA383820D0FE690020B1A1 /* LoadBigImageDemo */,
			);
		};
/* End PBXProject section */

/* Begin PBXResourcesBuildPhase section */
		F2DA383720D0FE690020B1A1 /* Resources */ = {
			isa = PBXResourcesBuildPhase;
			buildActionMask = 2147483647;
			files = (
				F2DA386D20D101490020B1A1 /* 2.jpg in Resources */,
				F2DA386820D101490020B1A1 /* 3.jpg in Resources */,
				F2DA386A20D101490020B1A1 /* 9.jpg in Resources */,
				F2DA384920D0FE6B0020B1A1 /* LaunchScreen.storyboard in Resources */,
				F2DA386420D101490020B1A1 /* 7.jpg in Resources */,
				F2DA386920D101490020B1A1 /* 8.jpg in Resources */,
				F2DA386B20D101490020B1A1 /* 4.jpg in Resources */,
				F2DA385920D0FF620020B1A1 /* ImageTableViewCell.xib in Resources */,
				F2DA386F20D105740020B1A1 /* 1.jpg in Resources */,
				F2DA386C20D101490020B1A1 /* 6.jpg in Resources */,
				F2DA386520D101490020B1A1 /* 5.jpg in Resources */,
				F2DA384620D0FE6B0020B1A1 /* Assets.xcassets in Resources */,
				F2DA384420D0FE690020B1A1 /* Main.storyboard in Resources */,
				F2DA386720D101490020B1A1 /* 10.jpg in Resources */,
			);
			runOnlyForDeploymentPostprocessing = 0;
		};
/* End PBXResourcesBuildPhase section */

/* Begin PBXSourcesBuildPhase section */
		F2DA383520D0FE690020B1A1 /* Sources */ = {
			isa = PBXSourcesBuildPhase;
			buildActionMask = 2147483647;
			files = (
				F2DA384120D0FE690020B1A1 /* ViewController.m in Sources */,
				F2DA384C20D0FE6B0020B1A1 /* main.m in Sources */,
				F2DA385820D0FF620020B1A1 /* ImageTableViewCell.m in Sources */,
				F2DA385420D0FE820020B1A1 /* XYRunloopLoad.m in Sources */,
				F2DA383E20D0FE690020B1A1 /* AppDelegate.m in Sources */,
			);
			runOnlyForDeploymentPostprocessing = 0;
		};
/* End PBXSourcesBuildPhase section */

/* Begin PBXVariantGroup section */
		F2DA384220D0FE690020B1A1 /* Main.storyboard */ = {
			isa = PBXVariantGroup;
			children = (
				F2DA384320D0FE690020B1A1 /* Base */,
			);
			name = Main.storyboard;
			sourceTree = "<group>";
		};
		F2DA384720D0FE6B0020B1A1 /* LaunchScreen.storyboard */ = {
			isa = PBXVariantGroup;
			children = (
				F2DA384820D0FE6B0020B1A1 /* Base */,
			);
			name = LaunchScreen.storyboard;
			sourceTree = "<group>";
		};
/* End PBXVariantGroup section */

/* Begin XCBuildConfiguration section */
		F2DA384D20D0FE6B0020B1A1 /* Debug */ = {
			isa = XCBuildConfiguration;
			buildSettings = {
				ALWAYS_SEARCH_USER_PATHS = NO;
				CLANG_ANALYZER_NONNULL = YES;
				CLANG_ANALYZER_NUMBER_OBJECT_CONVERSION = YES_AGGRESSIVE;
				CLANG_CXX_LANGUAGE_STANDARD = "gnu++14";
				CLANG_CXX_LIBRARY = "libc++";
				CLANG_ENABLE_MODULES = YES;
				CLANG_ENABLE_OBJC_ARC = YES;
				CLANG_ENABLE_OBJC_WEAK = YES;
				CLANG_WARN_BLOCK_CAPTURE_AUTORELEASING = YES;
				CLANG_WARN_BOOL_CONVERSION = YES;
				CLANG_WARN_COMMA = YES;
				CLANG_WARN_CONSTANT_CONVERSION = YES;
				CLANG_WARN_DEPRECATED_OBJC_IMPLEMENTATIONS = YES;
				CLANG_WARN_DIRECT_OBJC_ISA_USAGE = YES_ERROR;
				CLANG_WARN_DOCUMENTATION_COMMENTS = YES;
				CLANG_WARN_EMPTY_BODY = YES;
				CLANG_WARN_ENUM_CONVERSION = YES;
				CLANG_WARN_INFINITE_RECURSION = YES;
				CLANG_WARN_INT_CONVERSION = YES;
				CLANG_WARN_NON_LITERAL_NULL_CONVERSION = YES;
				CLANG_WARN_OBJC_IMPLICIT_RETAIN_SELF = YES;
				CLANG_WARN_OBJC_LITERAL_CONVERSION = YES;
				CLANG_WARN_OBJC_ROOT_CLASS = YES_ERROR;
				CLANG_WARN_RANGE_LOOP_ANALYSIS = YES;
				CLANG_WARN_STRICT_PROTOTYPES = YES;
				CLANG_WARN_SUSPICIOUS_MOVE = YES;
				CLANG_WARN_UNGUARDED_AVAILABILITY = YES_AGGRESSIVE;
				CLANG_WARN_UNREACHABLE_CODE = YES;
				CLANG_WARN__DUPLICATE_METHOD_MATCH = YES;
				CODE_SIGN_IDENTITY = "iPhone Developer";
				COPY_PHASE_STRIP = NO;
				DEBUG_INFORMATION_FORMAT = dwarf;
				ENABLE_STRICT_OBJC_MSGSEND = YES;
				ENABLE_TESTABILITY = YES;
				GCC_C_LANGUAGE_STANDARD = gnu11;
				GCC_DYNAMIC_NO_PIC = NO;
				GCC_NO_COMMON_BLOCKS = YES;
				GCC_OPTIMIZATION_LEVEL = 0;
				GCC_PREPROCESSOR_DEFINITIONS = (
					"DEBUG=1",
					"$(inherited)",
				);
				GCC_WARN_64_TO_32_BIT_CONVERSION = YES;
				GCC_WARN_ABOUT_RETURN_TYPE = YES_ERROR;
				GCC_WARN_UNDECLARED_SELECTOR = YES;
				GCC_WARN_UNINITIALIZED_AUTOS = YES_AGGRESSIVE;
				GCC_WARN_UNUSED_FUNCTION = YES;
				GCC_WARN_UNUSED_VARIABLE = YES;
				IPHONEOS_DEPLOYMENT_TARGET = 11.4;
				MTL_ENABLE_DEBUG_INFO = YES;
				ONLY_ACTIVE_ARCH = YES;
				SDKROOT = iphoneos;
			};
			name = Debug;
		};
		F2DA384E20D0FE6B0020B1A1 /* Release */ = {
			isa = XCBuildConfiguration;
			buildSettings = {
				ALWAYS_SEARCH_USER_PATHS = NO;
				CLANG_ANALYZER_NONNULL = YES;
				CLANG_ANALYZER_NUMBER_OBJECT_CONVERSION = YES_AGGRESSIVE;
				CLANG_CXX_LANGUAGE_STANDARD = "gnu++14";
				CLANG_CXX_LIBRARY = "libc++";
				CLANG_ENABLE_MODULES = YES;
				CLANG_ENABLE_OBJC_ARC = YES;
				CLANG_ENABLE_OBJC_WEAK = YES;
				CLANG_WARN_BLOCK_CAPTURE_AUTORELEASING = YES;
				CLANG_WARN_BOOL_CONVERSION = YES;
				CLANG_WARN_COMMA = YES;
				CLANG_WARN_CONSTANT_CONVERSION = YES;
				CLANG_WARN_DEPRECATED_OBJC_IMPLEMENTATIONS = YES;
				CLANG_WARN_DIRECT_OBJC_ISA_USAGE = YES_ERROR;
				CLANG_WARN_DOCUMENTATION_COMMENTS = YES;
				CLANG_WARN_EMPTY_BODY = YES;
				CLANG_WARN_ENUM_CONVERSION = YES;
				CLANG_WARN_INFINITE_RECURSION = YES;
				CLANG_WARN_INT_CONVERSION = YES;
				CLANG_WARN_NON_LITERAL_NULL_CONVERSION = YES;
				CLANG_WARN_OBJC_IMPLICIT_RETAIN_SELF = YES;
				CLANG_WARN_OBJC_LITERAL_CONVERSION = YES;
				CLANG_WARN_OBJC_ROOT_CLASS = YES_ERROR;
				CLANG_WARN_RANGE_LOOP_ANALYSIS = YES;
				CLANG_WARN_STRICT_PROTOTYPES = YES;
				CLANG_WARN_SUSPICIOUS_MOVE = YES;
				CLANG_WARN_UNGUARDED_AVAILABILITY = YES_AGGRESSIVE;
				CLANG_WARN_UNREACHABLE_CODE = YES;
				CLANG_WARN__DUPLICATE_METHOD_MATCH = YES;
				CODE_SIGN_IDENTITY = "iPhone Developer";
				COPY_PHASE_STRIP = NO;
				DEBUG_INFORMATION_FORMAT = "dwarf-with-dsym";
				ENABLE_NS_ASSERTIONS = NO;
				ENABLE_STRICT_OBJC_MSGSEND = YES;
				GCC_C_LANGUAGE_STANDARD = gnu11;
				GCC_NO_COMMON_BLOCKS = YES;
				GCC_WARN_64_TO_32_BIT_CONVERSION = YES;
				GCC_WARN_ABOUT_RETURN_TYPE = YES_ERROR;
				GCC_WARN_UNDECLARED_SELECTOR = YES;
				GCC_WARN_UNINITIALIZED_AUTOS = YES_AGGRESSIVE;
				GCC_WARN_UNUSED_FUNCTION = YES;
				GCC_WARN_UNUSED_VARIABLE = YES;
				IPHONEOS_DEPLOYMENT_TARGET = 11.4;
				MTL_ENABLE_DEBUG_INFO = NO;
				SDKROOT = iphoneos;
				VALIDATE_PRODUCT = YES;
			};
			name = Release;
		};
		F2DA385020D0FE6B0020B1A1 /* Debug */ = {
			isa = XCBuildConfiguration;
			buildSettings = {
				ASSETCATALOG_COMPILER_APPICON_NAME = AppIcon;
				CODE_SIGN_STYLE = Automatic;
				INFOPLIST_FILE = LoadBigImageDemo/Info.plist;
				LD_RUNPATH_SEARCH_PATHS = (
					"$(inherited)",
					"@executable_path/Frameworks",
				);
				PRODUCT_BUNDLE_IDENTIFIER = "-11.LoadBigImageDemo";
				PRODUCT_NAME = "$(TARGET_NAME)";
				TARGETED_DEVICE_FAMILY = "1,2";
			};
			name = Debug;
		};
		F2DA385120D0FE6B0020B1A1 /* Release */ = {
			isa = XCBuildConfiguration;
			buildSettings = {
				ASSETCATALOG_COMPILER_APPICON_NAME = AppIcon;
				CODE_SIGN_STYLE = Automatic;
				INFOPLIST_FILE = LoadBigImageDemo/Info.plist;
				LD_RUNPATH_SEARCH_PATHS = (
					"$(inherited)",
					"@executable_path/Frameworks",
				);
				PRODUCT_BUNDLE_IDENTIFIER = "-11.LoadBigImageDemo";
				PRODUCT_NAME = "$(TARGET_NAME)";
				TARGETED_DEVICE_FAMILY = "1,2";
			};
			name = Release;
		};
/* End XCBuildConfiguration section */

/* Begin XCConfigurationList section */
		F2DA383420D0FE690020B1A1 /* Build configuration list for PBXProject "LoadBigImageDemo" */ = {
			isa = XCConfigurationList;
			buildConfigurations = (
				F2DA384D20D0FE6B0020B1A1 /* Debug */,
				F2DA384E20D0FE6B0020B1A1 /* Release */,
			);
			defaultConfigurationIsVisible = 0;
			defaultConfigurationName = Release;
		};
		F2DA384F20D0FE6B0020B1A1 /* Build configuration list for PBXNativeTarget "LoadBigImageDemo" */ = {
			isa = XCConfigurationList;
			buildConfigurations = (
				F2DA385020D0FE6B0020B1A1 /* Debug */,
				F2DA385120D0FE6B0020B1A1 /* Release */,
			);
			defaultConfigurationIsVisible = 0;
			defaultConfigurationName = Release;
		};
/* End XCConfigurationList section */
	};
	rootObject = F2DA383120D0FE690020B1A1 /* Project object */;
}
